
Microsoft Visual Studio Solution File, Format Version 12.00
# Visual Studio Version 17
VisualStudioVersion = 17.9.34723.18
MinimumVisualStudioVersion = 10.0.40219.1
Project("{FAE04EC0-301F-11D3-BF4B-00C04F79EFBC}") = "Api_Project", "WebApplication1\Api_Project.csproj", "{4F395FB9-6CCD-4542-8521-08494B5B5952}"
EndProject
Global
	GlobalSection(SolutionConfigurationPlatforms) = preSolution
		Debug|Any CPU = Debug|Any CPU
		Release|Any CPU = Release|Any CPU
	EndGlobalSection
	GlobalSection(ProjectConfigurationPlatforms) = postSolution
		{4F395FB9-6CCD-4542-8521-08494B5B5952}.Debug|Any CPU.ActiveCfg = Debug|Any CPU
		{4F395FB9-6CCD-4542-8521-08494B5B5952}.Debug|Any CPU.Build.0 = Debug|Any CPU
		{4F395FB9-6CCD-4542-8521-08494B5B5952}.Release|Any CPU.ActiveCfg = Release|Any CPU
		{4F395FB9-6CCD-4542-8521-08494B5B5952}.Release|Any CPU.Build.0 = Release|Any CPU
	EndGlobalSection
	GlobalSection(SolutionProperties) = preSolution
		HideSolutionNode = FALSE
	EndGlobalSection
	GlobalSection(ExtensibilityGlobals) = postSolution
		SolutionGuid = {C4D817CB-87E3-42C0-9C4D-7D0D5F292E51}
	EndGlobalSection
EndGlobal
